// !$*UTF8*$!
{
	archiveVersion = 1;
	classes = {
	};
	objectVersion = 50;
	objects = {

/* Begin PBXBuildFile section */
		873F2503256E925100C233EB /* AppDelegate.swift in Sources */ = {isa = PBXBuildFile; fileRef = 873F2502256E925100C233EB /* AppDelegate.swift */; };
		873F250C256E925400C233EB /* Assets.xcassets in Resources */ = {isa = PBXBuildFile; fileRef = 873F250B256E925400C233EB /* Assets.xcassets */; };
		873F250F256E925400C233EB /* LaunchScreen.storyboard in Resources */ = {isa = PBXBuildFile; fileRef = 873F250D256E925400C233EB /* LaunchScreen.storyboard */; };
		873F2520256E937000C233EB /* DashboardViewController.swift in Sources */ = {isa = PBXBuildFile; fileRef = 873F251E256E937000C233EB /* DashboardViewController.swift */; };
		873F2521256E937000C233EB /* DashboardViewController.xib in Resources */ = {isa = PBXBuildFile; fileRef = 873F251F256E937000C233EB /* DashboardViewController.xib */; };
		8784AF9D2571097400C55352 /* DashboardTableViewCell.swift in Sources */ = {isa = PBXBuildFile; fileRef = 8784AF9B2571097400C55352 /* DashboardTableViewCell.swift */; };
		8784AF9E2571097400C55352 /* DashboardTableViewCell.xib in Resources */ = {isa = PBXBuildFile; fileRef = 8784AF9C2571097400C55352 /* DashboardTableViewCell.xib */; };
/* End PBXBuildFile section */

/* Begin PBXFileReference section */
		873F24FF256E925100C233EB /* MetaData.app */ = {isa = PBXFileReference; explicitFileType = wrapper.application; includeInIndex = 0; path = MetaData.app; sourceTree = BUILT_PRODUCTS_DIR; };
		873F2502256E925100C233EB /* AppDelegate.swift */ = {isa = PBXFileReference; lastKnownFileType = sourcecode.swift; path = AppDelegate.swift; sourceTree = "<group>"; };
		873F250B256E925400C233EB /* Assets.xcassets */ = {isa = PBXFileReference; lastKnownFileType = folder.assetcatalog; path = Assets.xcassets; sourceTree = "<group>"; };
		873F250E256E925400C233EB /* Base */ = {isa = PBXFileReference; lastKnownFileType = file.storyboard; name = Base; path = Base.lproj/LaunchScreen.storyboard; sourceTree = "<group>"; };
		873F2510256E925400C233EB /* Info.plist */ = {isa = PBXFileReference; lastKnownFileType = text.plist.xml; path = Info.plist; sourceTree = "<group>"; };
		873F251E256E937000C233EB /* DashboardViewController.swift */ = {isa = PBXFileReference; lastKnownFileType = sourcecode.swift; path = DashboardViewController.swift; sourceTree = "<group>"; };
		873F251F256E937000C233EB /* DashboardViewController.xib */ = {isa = PBXFileReference; lastKnownFileType = file.xib; path = DashboardViewController.xib; sourceTree = "<group>"; };
		8784AF9B2571097400C55352 /* DashboardTableViewCell.swift */ = {isa = PBXFileReference; lastKnownFileType = sourcecode.swift; path = DashboardTableViewCell.swift; sourceTree = "<group>"; };
		8784AF9C2571097400C55352 /* DashboardTableViewCell.xib */ = {isa = PBXFileReference; lastKnownFileType = file.xib; path = DashboardTableViewCell.xib; sourceTree = "<group>"; };
/* End PBXFileReference section */

/* Begin PBXFrameworksBuildPhase section */
		873F24FC256E925100C233EB /* Frameworks */ = {
			isa = PBXFrameworksBuildPhase;
			buildActionMask = 2147483647;
			files = (
			);
			runOnlyForDeploymentPostprocessing = 0;
		};
/* End PBXFrameworksBuildPhase section */

/* Begin PBXGroup section */
		873F24F6256E925100C233EB = {
			isa = PBXGroup;
			children = (
				873F2501256E925100C233EB /* MetaData */,
				873F2500256E925100C233EB /* Products */,
			);
			sourceTree = "<group>";
		};
		873F2500256E925100C233EB /* Products */ = {
			isa = PBXGroup;
			children = (
				873F24FF256E925100C233EB /* MetaData.app */,
			);
			name = Products;
			sourceTree = "<group>";
		};
		873F2501256E925100C233EB /* MetaData */ = {
			isa = PBXGroup;
			children = (
				873F251A256E92AF00C233EB /* App */,
				873F2519256E92A600C233EB /* Controller */,
				873F251D256E92F400C233EB /* Resource */,
			);
			path = MetaData;
			sourceTree = "<group>";
		};
		873F2519256E92A600C233EB /* Controller */ = {
			isa = PBXGroup;
			children = (
				873F251E256E937000C233EB /* DashboardViewController.swift */,
				873F251F256E937000C233EB /* DashboardViewController.xib */,
				8784AF9B2571097400C55352 /* DashboardTableViewCell.swift */,
				8784AF9C2571097400C55352 /* DashboardTableViewCell.xib */,
			);
			path = Controller;
			sourceTree = "<group>";
		};
		873F251A256E92AF00C233EB /* App */ = {
			isa = PBXGroup;
			children = (
				873F2502256E925100C233EB /* AppDelegate.swift */,
			);
			path = App;
			sourceTree = "<group>";
		};
		873F251D256E92F400C233EB /* Resource */ = {
			isa = PBXGroup;
			children = (
				873F250D256E925400C233EB /* LaunchScreen.storyboard */,
				873F250B256E925400C233EB /* Assets.xcassets */,
				873F2510256E925400C233EB /* Info.plist */,
			);
			path = Resource;
			sourceTree = "<group>";
		};
/* End PBXGroup section */

/* Begin PBXNativeTarget section */
		873F24FE256E925100C233EB /* MetaData */ = {
			isa = PBXNativeTarget;
			buildConfigurationList = 873F2513256E925400C233EB /* Build configuration list for PBXNativeTarget "MetaData" */;
			buildPhases = (
				873F24FB256E925100C233EB /* Sources */,
				873F24FC256E925100C233EB /* Frameworks */,
				873F24FD256E925100C233EB /* Resources */,
			);
			buildRules = (
			);
			dependencies = (
			);
			name = MetaData;
			productName = MetaData;
			productReference = 873F24FF256E925100C233EB /* MetaData.app */;
			productType = "com.apple.product-type.application";
		};
/* End PBXNativeTarget section */

/* Begin PBXProject section */
		873F24F7256E925100C233EB /* Project object */ = {
			isa = PBXProject;
			attributes = {
				LastSwiftUpdateCheck = 1200;
				LastUpgradeCheck = 1200;
				TargetAttributes = {
					873F24FE256E925100C233EB = {
						CreatedOnToolsVersion = 12.0;
					};
				};
			};
			buildConfigurationList = 873F24FA256E925100C233EB /* Build configuration list for PBXProject "MetaData" */;
			compatibilityVersion = "Xcode 9.3";
			developmentRegion = en;
			hasScannedForEncodings = 0;
			knownRegions = (
				en,
				Base,
			);
			mainGroup = 873F24F6256E925100C233EB;
			productRefGroup = 873F2500256E925100C233EB /* Products */;
			projectDirPath = "";
			projectRoot = "";
			targets = (
				873F24FE256E925100C233EB /* MetaData */,
			);
		};
/* End PBXProject section */

/* Begin PBXResourcesBuildPhase section */
		873F24FD256E925100C233EB /* Resources */ = {
			isa = PBXResourcesBuildPhase;
			buildActionMask = 2147483647;
			files = (
				873F250F256E925400C233EB /* LaunchScreen.storyboard in Resources */,
				873F250C256E925400C233EB /* Assets.xcassets in Resources */,
				8784AF9E2571097400C55352 /* DashboardTableViewCell.xib in Resources */,
				873F2521256E937000C233EB /* DashboardViewController.xib in Resources */,
			);
			runOnlyForDeploymentPostprocessing = 0;
		};
/* End PBXResourcesBuildPhase section */

/* Begin PBXSourcesBuildPhase section */
		873F24FB256E925100C233EB /* Sources */ = {
			isa = PBXSourcesBuildPhase;
			buildActionMask = 2147483647;
			files = (
				8784AF9D2571097400C55352 /* DashboardTableViewCell.swift in Sources */,
				873F2503256E925100C233EB /* AppDelegate.swift in Sources */,
				873F2520256E937000C233EB /* DashboardViewController.swift in Sources */,
			);
			runOnlyForDeploymentPostprocessing = 0;
		};
/* End PBXSourcesBuildPhase section */

/* Begin PBXVariantGroup section */
		873F250D256E925400C233EB /* LaunchScreen.storyboard */ = {
			isa = PBXVariantGroup;
			children = (
				873F250E256E925400C233EB /* Base */,
			);
			name = LaunchScreen.storyboard;
			sourceTree = "<group>";
		};
/* End PBXVariantGroup section */

/* Begin XCBuildConfiguration section */
		873F2511256E925400C233EB /* Debug */ = {
			isa = XCBuildConfiguration;
			buildSettings = {
				ALWAYS_SEARCH_USER_PATHS = NO;
				CLANG_ANALYZER_NONNULL = YES;
				CLANG_ANALYZER_NUMBER_OBJECT_CONVERSION = YES_AGGRESSIVE;
				CLANG_CXX_LANGUAGE_STANDARD = "gnu++14";
				CLANG_CXX_LIBRARY = "libc++";
				CLANG_ENABLE_MODULES = YES;
				CLANG_ENABLE_OBJC_ARC = YES;
				CLANG_ENABLE_OBJC_WEAK = YES;
				CLANG_WARN_BLOCK_CAPTURE_AUTORELEASING = YES;
				CLANG_WARN_BOOL_CONVERSION = YES;
				CLANG_WARN_COMMA = YES;
				CLANG_WARN_CONSTANT_CONVERSION = YES;
				CLANG_WARN_DEPRECATED_OBJC_IMPLEMENTATIONS = YES;
				CLANG_WARN_DIRECT_OBJC_ISA_USAGE = YES_ERROR;
				CLANG_WARN_DOCUMENTATION_COMMENTS = YES;
				CLANG_WARN_EMPTY_BODY = YES;
				CLANG_WARN_ENUM_CONVERSION = YES;
				CLANG_WARN_INFINITE_RECURSION = YES;
				CLANG_WARN_INT_CONVERSION = YES;
				CLANG_WARN_NON_LITERAL_NULL_CONVERSION = YES;
				CLANG_WARN_OBJC_IMPLICIT_RETAIN_SELF = YES;
				CLANG_WARN_OBJC_LITERAL_CONVERSION = YES;
				CLANG_WARN_OBJC_ROOT_CLASS = YES_ERROR;
				CLANG_WARN_QUOTED_INCLUDE_IN_FRAMEWORK_HEADER = YES;
				CLANG_WARN_RANGE_LOOP_ANALYSIS = YES;
				CLANG_WARN_STRICT_PROTOTYPES = YES;
				CLANG_WARN_SUSPICIOUS_MOVE = YES;
				CLANG_WARN_UNGUARDED_AVAILABILITY = YES_AGGRESSIVE;
				CLANG_WARN_UNREACHABLE_CODE = YES;
				CLANG_WARN__DUPLICATE_METHOD_MATCH = YES;
				COPY_PHASE_STRIP = NO;
				DEBUG_INFORMATION_FORMAT = dwarf;
				ENABLE_STRICT_OBJC_MSGSEND = YES;
				ENABLE_TESTABILITY = YES;
				GCC_C_LANGUAGE_STANDARD = gnu11;
				GCC_DYNAMIC_NO_PIC = NO;
				GCC_NO_COMMON_BLOCKS = YES;
				GCC_OPTIMIZATION_LEVEL = 0;
				GCC_PREPROCESSOR_DEFINITIONS = (
					"DEBUG=1",
					"$(inherited)",
				);
				GCC_WARN_64_TO_32_BIT_CONVERSION = YES;
				GCC_WARN_ABOUT_RETURN_TYPE = YES_ERROR;
				GCC_WARN_UNDECLARED_SELECTOR = YES;
				GCC_WARN_UNINITIALIZED_AUTOS = YES_AGGRESSIVE;
				GCC_WARN_UNUSED_FUNCTION = YES;
				GCC_WARN_UNUSED_VARIABLE = YES;
				IPHONEOS_DEPLOYMENT_TARGET = 14.0;
				MTL_ENABLE_DEBUG_INFO = INCLUDE_SOURCE;
				MTL_FAST_MATH = YES;
				ONLY_ACTIVE_ARCH = YES;
				SDKROOT = iphoneos;
				SWIFT_ACTIVE_COMPILATION_CONDITIONS = DEBUG;
				SWIFT_OPTIMIZATION_LEVEL = "-Onone";
			};
			name = Debug;
		};
		873F2512256E925400C233EB /* Release */ = {
			isa = XCBuildConfiguration;
			buildSettings = {
				ALWAYS_SEARCH_USER_PATHS = NO;
				CLANG_ANALYZER_NONNULL = YES;
				CLANG_ANALYZER_NUMBER_OBJECT_CONVERSION = YES_AGGRESSIVE;
				CLANG_CXX_LANGUAGE_STANDARD = "gnu++14";
				CLANG_CXX_LIBRARY = "libc++";
				CLANG_ENABLE_MODULES = YES;
				CLANG_ENABLE_OBJC_ARC = YES;
				CLANG_ENABLE_OBJC_WEAK = YES;
				CLANG_WARN_BLOCK_CAPTURE_AUTORELEASING = YES;
				CLANG_WARN_BOOL_CONVERSION = YES;
				CLANG_WARN_COMMA = YES;
				CLANG_WARN_CONSTANT_CONVERSION = YES;
				CLANG_WARN_DEPRECATED_OBJC_IMPLEMENTATIONS = YES;
				CLANG_WARN_DIRECT_OBJC_ISA_USAGE = YES_ERROR;
				CLANG_WARN_DOCUMENTATION_COMMENTS = YES;
				CLANG_WARN_EMPTY_BODY = YES;
				CLANG_WARN_ENUM_CONVERSION = YES;
				CLANG_WARN_INFINITE_RECURSION = YES;
				CLANG_WARN_INT_CONVERSION = YES;
				CLANG_WARN_NON_LITERAL_NULL_CONVERSION = YES;
				CLANG_WARN_OBJC_IMPLICIT_RETAIN_SELF = YES;
				CLANG_WARN_OBJC_LITERAL_CONVERSION = YES;
				CLANG_WARN_OBJC_ROOT_CLASS = YES_ERROR;
				CLANG_WARN_QUOTED_INCLUDE_IN_FRAMEWORK_HEADER = YES;
				CLANG_WARN_RANGE_LOOP_ANALYSIS = YES;
				CLANG_WARN_STRICT_PROTOTYPES = YES;
				CLANG_WARN_SUSPICIOUS_MOVE = YES;
				CLANG_WARN_UNGUARDED_AVAILABILITY = YES_AGGRESSIVE;
				CLANG_WARN_UNREACHABLE_CODE = YES;
				CLANG_WARN__DUPLICATE_METHOD_MATCH = YES;
				COPY_PHASE_STRIP = NO;
				DEBUG_INFORMATION_FORMAT = "dwarf-with-dsym";
				ENABLE_NS_ASSERTIONS = NO;
				ENABLE_STRICT_OBJC_MSGSEND = YES;
				GCC_C_LANGUAGE_STANDARD = gnu11;
				GCC_NO_COMMON_BLOCKS = YES;
				GCC_WARN_64_TO_32_BIT_CONVERSION = YES;
				GCC_WARN_ABOUT_RETURN_TYPE = YES_ERROR;
				GCC_WARN_UNDECLARED_SELECTOR = YES;
				GCC_WARN_UNINITIALIZED_AUTOS = YES_AGGRESSIVE;
				GCC_WARN_UNUSED_FUNCTION = YES;
				GCC_WARN_UNUSED_VARIABLE = YES;
				IPHONEOS_DEPLOYMENT_TARGET = 14.0;
				MTL_ENABLE_DEBUG_INFO = NO;
				MTL_FAST_MATH = YES;
				SDKROOT = iphoneos;
				SWIFT_COMPILATION_MODE = wholemodule;
				SWIFT_OPTIMIZATION_LEVEL = "-O";
				VALIDATE_PRODUCT = YES;
			};
			name = Release;
		};
		873F2514256E925400C233EB /* Debug */ = {
			isa = XCBuildConfiguration;
			buildSettings = {
				ASSETCATALOG_COMPILER_APPICON_NAME = AppIcon;
				ASSETCATALOG_COMPILER_GLOBAL_ACCENT_COLOR_NAME = AccentColor;
				CODE_SIGN_STYLE = Automatic;
				DEVELOPMENT_TEAM = YBC6QZE5G7;
				INFOPLIST_FILE = MetaData/Resource/Info.plist;
				IPHONEOS_DEPLOYMENT_TARGET = 12.4;
				LD_RUNPATH_SEARCH_PATHS = (
					"$(inherited)",
					"@executable_path/Frameworks",
				);
				PRODUCT_BUNDLE_IDENTIFIER = com.codesorbit.MetaData;
				PRODUCT_NAME = "$(TARGET_NAME)";
				SWIFT_VERSION = 5.0;
				TARGETED_DEVICE_FAMILY = "1,2";
			};
			name = Debug;
		};
		873F2515256E925400C233EB /* Release */ = {
			isa = XCBuildConfiguration;
			buildSettings = {
				ASSETCATALOG_COMPILER_APPICON_NAME = AppIcon;
				ASSETCATALOG_COMPILER_GLOBAL_ACCENT_COLOR_NAME = AccentColor;
				CODE_SIGN_STYLE = Automatic;
				DEVELOPMENT_TEAM = YBC6QZE5G7;
				INFOPLIST_FILE = MetaData/Resource/Info.plist;
				IPHONEOS_DEPLOYMENT_TARGET = 12.4;
				LD_RUNPATH_SEARCH_PATHS = (
					"$(inherited)",
					"@executable_path/Frameworks",
				);
				PRODUCT_BUNDLE_IDENTIFIER = com.codesorbit.MetaData;
				PRODUCT_NAME = "$(TARGET_NAME)";
				SWIFT_VERSION = 5.0;
				TARGETED_DEVICE_FAMILY = "1,2";
			};
			name = Release;
		};
/* End XCBuildConfiguration section */

/* Begin XCConfigurationList section */
		873F24FA256E925100C233EB /* Build configuration list for PBXProject "MetaData" */ = {
			isa = XCConfigurationList;
			buildConfigurations = (
				873F2511256E925400C233EB /* Debug */,
				873F2512256E925400C233EB /* Release */,
			);
			defaultConfigurationIsVisible = 0;
			defaultConfigurationName = Release;
		};
		873F2513256E925400C233EB /* Build configuration list for PBXNativeTarget "MetaData" */ = {
			isa = XCConfigurationList;
			buildConfigurations = (
				873F2514256E925400C233EB /* Debug */,
				873F2515256E925400C233EB /* Release */,
			);
			defaultConfigurationIsVisible = 0;
			defaultConfigurationName = Release;
		};
/* End XCConfigurationList section */
	};
	rootObject = 873F24F7256E925100C233EB /* Project object */;
}
